
Microsoft Visual Studio Solution File, Format Version 12.00
# Visual Studio Version 17
VisualStudioVersion = 17.7.34024.191
MinimumVisualStudioVersion = 10.0.40219.1
Project("{FAE04EC0-301F-11D3-BF4B-00C04F79EFBC}") = "WasmStore.Server", "WasmStore\Server\WasmStore.Server.csproj", "{F7D20A2E-406C-4C79-BC44-572C7ADF7A04}"
EndProject
Project("{FAE04EC0-301F-11D3-BF4B-00C04F79EFBC}") = "WasmStore.Client", "WasmStore\Client\WasmStore.Client.csproj", "{C233E8FE-6319-4FC6-B698-030513D04CF6}"
EndProject
Project("{FAE04EC0-301F-11D3-BF4B-00C04F79EFBC}") = "WasmStore.Shared", "WasmStore\Shared\WasmStore.Shared.csproj", "{4A6F82E2-8713-402A-8189-DCF0D61B7E54}"
EndProject
Global
	GlobalSection(SolutionConfigurationPlatforms) = preSolution
		Debug|Any CPU = Debug|Any CPU
		Release|Any CPU = Release|Any CPU
	EndGlobalSection
	GlobalSection(ProjectConfigurationPlatforms) = postSolution
		{F7D20A2E-406C-4C79-BC44-572C7ADF7A04}.Debug|Any CPU.ActiveCfg = Debug|Any CPU
		{F7D20A2E-406C-4C79-BC44-572C7ADF7A04}.Debug|Any CPU.Build.0 = Debug|Any CPU
		{F7D20A2E-406C-4C79-BC44-572C7ADF7A04}.Release|Any CPU.ActiveCfg = Release|Any CPU
		{F7D20A2E-406C-4C79-BC44-572C7ADF7A04}.Release|Any CPU.Build.0 = Release|Any CPU
		{C233E8FE-6319-4FC6-B698-030513D04CF6}.Debug|Any CPU.ActiveCfg = Debug|Any CPU
		{C233E8FE-6319-4FC6-B698-030513D04CF6}.Debug|Any CPU.Build.0 = Debug|Any CPU
		{C233E8FE-6319-4FC6-B698-030513D04CF6}.Release|Any CPU.ActiveCfg = Release|Any CPU
		{C233E8FE-6319-4FC6-B698-030513D04CF6}.Release|Any CPU.Build.0 = Release|Any CPU
		{4A6F82E2-8713-402A-8189-DCF0D61B7E54}.Debug|Any CPU.ActiveCfg = Debug|Any CPU
		{4A6F82E2-8713-402A-8189-DCF0D61B7E54}.Debug|Any CPU.Build.0 = Debug|Any CPU
		{4A6F82E2-8713-402A-8189-DCF0D61B7E54}.Release|Any CPU.ActiveCfg = Release|Any CPU
		{4A6F82E2-8713-402A-8189-DCF0D61B7E54}.Release|Any CPU.Build.0 = Release|Any CPU
	EndGlobalSection
	GlobalSection(SolutionProperties) = preSolution
		HideSolutionNode = FALSE
	EndGlobalSection
	GlobalSection(ExtensibilityGlobals) = postSolution
		SolutionGuid = {7726E9BC-BEAE-4328-B4A4-C86643644141}
	EndGlobalSection
EndGlobal
